counsel=20260214.1004
dash=20260221.1346
dumb-jump=20260308.619
go-mode=20250311.156
hideshowvis=0.9
ivy=20260318.1355
marginalia=20260309.1545
multiple-cursors=20260117.1733
orderless=20260124.1000
popup=20251231.1622
s=20220902.1511
swiper-helm=20180131.1744
typescript-mode=20250118.2056
vertico=20260309.1549
